
Microsoft Visual Studio Solution File, Format Version 12.00
# Visual Studio Version 17
VisualStudioVersion = 17.5.33502.453
MinimumVisualStudioVersion = 10.0.40219.1
Project("{2150E333-8FDC-42A3-9474-1A3956D46DE8}") = "Frontend", "Frontend", "{D3BA36DA-9EB8-4003-B3CB-21D84B4D350C}"
EndProject
Project("{2150E333-8FDC-42A3-9474-1A3956D46DE8}") = "Services", "Services", "{0E26A069-5028-4697-9FBB-120757629CFF}"
EndProject
Project("{9A19103F-16F7-4668-BE54-9A1E7A4F7556}") = "Mango.Services.ProductAPI", "Services\Mango.Services.ProductAPI\Mango.Services.ProductAPI.csproj", "{DDEF2CFC-6AA5-4346-A307-DDE70C0F6109}"
EndProject
Project("{9A19103F-16F7-4668-BE54-9A1E7A4F7556}") = "Mango.Web", "Frontend\Mango.Web\Mango.Web.csproj", "{CDB8F108-A6F3-4358-A56B-2BB6A3997FD4}"
EndProject
Project("{9A19103F-16F7-4668-BE54-9A1E7A4F7556}") = "Mango.Services.Identity", "Services\Mango.Services.Identity\Mango.Services.Identity.csproj", "{B5BA0E5D-EDDC-4339-934E-E87EE18B82F9}"
EndProject
Project("{9A19103F-16F7-4668-BE54-9A1E7A4F7556}") = "Mango.Services.ShoppingCartAPI", "Services\Mango.Services.ShoppingCartAPI\Mango.Services.ShoppingCartAPI.csproj", "{5136B3EA-C350-4C63-9641-266182EB940A}"
EndProject
Project("{9A19103F-16F7-4668-BE54-9A1E7A4F7556}") = "Mango.Services.CouponAPI", "Services\Mango.Services.CouponAPI\Mango.Services.CouponAPI.csproj", "{357F9F74-0BFC-4537-8FDC-560C98569AA3}"
EndProject
Project("{2150E333-8FDC-42A3-9474-1A3956D46DE8}") = "Integration", "Integration", "{D3A9C8B6-FE47-4B38-8A82-90F771CBB7B4}"
EndProject
Project("{9A19103F-16F7-4668-BE54-9A1E7A4F7556}") = "Mango.MessageBus", "Integration\Mango.MessageBus\Mango.MessageBus.csproj", "{43507C6A-882E-41EB-80CF-ADB4DFF18337}"
EndProject
Project("{9A19103F-16F7-4668-BE54-9A1E7A4F7556}") = "Mango.Services.OrderAPI", "Services\Mango.Services.OrderAPI\Mango.Services.OrderAPI.csproj", "{563B82AE-E1EB-4EFA-A9E1-9F5C19FE0AD7}"
EndProject
Project("{2150E333-8FDC-42A3-9474-1A3956D46DE8}") = "Payments", "Payments", "{CFF61469-151E-4957-8DBE-FCEC44A20533}"
EndProject
Project("{9A19103F-16F7-4668-BE54-9A1E7A4F7556}") = "PaymentProcessor", "Payments\PaymentProcessor\PaymentProcessor.csproj", "{A1CD4AF9-C25D-49EE-AD1F-1B2C5EC89047}"
EndProject
Project("{9A19103F-16F7-4668-BE54-9A1E7A4F7556}") = "Mango.Services.PaymentAPI", "Services\Mango.Services.PaymentAPI\Mango.Services.PaymentAPI.csproj", "{B75DBBA6-2B25-48FF-BFF0-9C8C7B8C6236}"
EndProject
Project("{9A19103F-16F7-4668-BE54-9A1E7A4F7556}") = "Mango.Services.Email", "Services\Mango.Services.Email\Mango.Services.Email.csproj", "{F0839CCE-88D7-4021-8905-D878D6016909}"
EndProject
Project("{2150E333-8FDC-42A3-9474-1A3956D46DE8}") = "Gateway", "Gateway", "{691B581A-6482-46FA-875B-3FAD8276012F}"
EndProject
Project("{FAE04EC0-301F-11D3-BF4B-00C04F79EFBC}") = "Mango.GatewaySolution", "Gateway\Mango.GatewaySolution\Mango.GatewaySolution.csproj", "{C65DEB8E-5BB0-450C-9E4E-BB0DF5C6CAC1}"
EndProject
Global
	GlobalSection(SolutionConfigurationPlatforms) = preSolution
		Debug|Any CPU = Debug|Any CPU
		Release|Any CPU = Release|Any CPU
	EndGlobalSection
	GlobalSection(ProjectConfigurationPlatforms) = postSolution
		{DDEF2CFC-6AA5-4346-A307-DDE70C0F6109}.Debug|Any CPU.ActiveCfg = Debug|Any CPU
		{DDEF2CFC-6AA5-4346-A307-DDE70C0F6109}.Debug|Any CPU.Build.0 = Debug|Any CPU
		{DDEF2CFC-6AA5-4346-A307-DDE70C0F6109}.Release|Any CPU.ActiveCfg = Release|Any CPU
		{DDEF2CFC-6AA5-4346-A307-DDE70C0F6109}.Release|Any CPU.Build.0 = Release|Any CPU
		{CDB8F108-A6F3-4358-A56B-2BB6A3997FD4}.Debug|Any CPU.ActiveCfg = Debug|Any CPU
		{CDB8F108-A6F3-4358-A56B-2BB6A3997FD4}.Debug|Any CPU.Build.0 = Debug|Any CPU
		{CDB8F108-A6F3-4358-A56B-2BB6A3997FD4}.Release|Any CPU.ActiveCfg = Release|Any CPU
		{CDB8F108-A6F3-4358-A56B-2BB6A3997FD4}.Release|Any CPU.Build.0 = Release|Any CPU
		{B5BA0E5D-EDDC-4339-934E-E87EE18B82F9}.Debug|Any CPU.ActiveCfg = Debug|Any CPU
		{B5BA0E5D-EDDC-4339-934E-E87EE18B82F9}.Debug|Any CPU.Build.0 = Debug|Any CPU
		{B5BA0E5D-EDDC-4339-934E-E87EE18B82F9}.Release|Any CPU.ActiveCfg = Release|Any CPU
		{B5BA0E5D-EDDC-4339-934E-E87EE18B82F9}.Release|Any CPU.Build.0 = Release|Any CPU
		{5136B3EA-C350-4C63-9641-266182EB940A}.Debug|Any CPU.ActiveCfg = Debug|Any CPU
		{5136B3EA-C350-4C63-9641-266182EB940A}.Debug|Any CPU.Build.0 = Debug|Any CPU
		{5136B3EA-C350-4C63-9641-266182EB940A}.Release|Any CPU.ActiveCfg = Release|Any CPU
		{5136B3EA-C350-4C63-9641-266182EB940A}.Release|Any CPU.Build.0 = Release|Any CPU
		{357F9F74-0BFC-4537-8FDC-560C98569AA3}.Debug|Any CPU.ActiveCfg = Debug|Any CPU
		{357F9F74-0BFC-4537-8FDC-560C98569AA3}.Debug|Any CPU.Build.0 = Debug|Any CPU
		{357F9F74-0BFC-4537-8FDC-560C98569AA3}.Release|Any CPU.ActiveCfg = Release|Any CPU
		{357F9F74-0BFC-4537-8FDC-560C98569AA3}.Release|Any CPU.Build.0 = Release|Any CPU
		{43507C6A-882E-41EB-80CF-ADB4DFF18337}.Debug|Any CPU.ActiveCfg = Debug|Any CPU
		{43507C6A-882E-41EB-80CF-ADB4DFF18337}.Debug|Any CPU.Build.0 = Debug|Any CPU
		{43507C6A-882E-41EB-80CF-ADB4DFF18337}.Release|Any CPU.ActiveCfg = Release|Any CPU
		{43507C6A-882E-41EB-80CF-ADB4DFF18337}.Release|Any CPU.Build.0 = Release|Any CPU
		{563B82AE-E1EB-4EFA-A9E1-9F5C19FE0AD7}.Debug|Any CPU.ActiveCfg = Debug|Any CPU
		{563B82AE-E1EB-4EFA-A9E1-9F5C19FE0AD7}.Debug|Any CPU.Build.0 = Debug|Any CPU
		{563B82AE-E1EB-4EFA-A9E1-9F5C19FE0AD7}.Release|Any CPU.ActiveCfg = Release|Any CPU
		{563B82AE-E1EB-4EFA-A9E1-9F5C19FE0AD7}.Release|Any CPU.Build.0 = Release|Any CPU
		{A1CD4AF9-C25D-49EE-AD1F-1B2C5EC89047}.Debug|Any CPU.ActiveCfg = Debug|Any CPU
		{A1CD4AF9-C25D-49EE-AD1F-1B2C5EC89047}.Debug|Any CPU.Build.0 = Debug|Any CPU
		{A1CD4AF9-C25D-49EE-AD1F-1B2C5EC89047}.Release|Any CPU.ActiveCfg = Release|Any CPU
		{A1CD4AF9-C25D-49EE-AD1F-1B2C5EC89047}.Release|Any CPU.Build.0 = Release|Any CPU
		{B75DBBA6-2B25-48FF-BFF0-9C8C7B8C6236}.Debug|Any CPU.ActiveCfg = Debug|Any CPU
		{B75DBBA6-2B25-48FF-BFF0-9C8C7B8C6236}.Debug|Any CPU.Build.0 = Debug|Any CPU
		{B75DBBA6-2B25-48FF-BFF0-9C8C7B8C6236}.Release|Any CPU.ActiveCfg = Release|Any CPU
		{B75DBBA6-2B25-48FF-BFF0-9C8C7B8C6236}.Release|Any CPU.Build.0 = Release|Any CPU
		{F0839CCE-88D7-4021-8905-D878D6016909}.Debug|Any CPU.ActiveCfg = Debug|Any CPU
		{F0839CCE-88D7-4021-8905-D878D6016909}.Debug|Any CPU.Build.0 = Debug|Any CPU
		{F0839CCE-88D7-4021-8905-D878D6016909}.Release|Any CPU.ActiveCfg = Release|Any CPU
		{F0839CCE-88D7-4021-8905-D878D6016909}.Release|Any CPU.Build.0 = Release|Any CPU
		{C65DEB8E-5BB0-450C-9E4E-BB0DF5C6CAC1}.Debug|Any CPU.ActiveCfg = Debug|Any CPU
		{C65DEB8E-5BB0-450C-9E4E-BB0DF5C6CAC1}.Debug|Any CPU.Build.0 = Debug|Any CPU
		{C65DEB8E-5BB0-450C-9E4E-BB0DF5C6CAC1}.Release|Any CPU.ActiveCfg = Release|Any CPU
		{C65DEB8E-5BB0-450C-9E4E-BB0DF5C6CAC1}.Release|Any CPU.Build.0 = Release|Any CPU
	EndGlobalSection
	GlobalSection(SolutionProperties) = preSolution
		HideSolutionNode = FALSE
	EndGlobalSection
	GlobalSection(NestedProjects) = preSolution
		{DDEF2CFC-6AA5-4346-A307-DDE70C0F6109} = {0E26A069-5028-4697-9FBB-120757629CFF}
		{CDB8F108-A6F3-4358-A56B-2BB6A3997FD4} = {D3BA36DA-9EB8-4003-B3CB-21D84B4D350C}
		{B5BA0E5D-EDDC-4339-934E-E87EE18B82F9} = {0E26A069-5028-4697-9FBB-120757629CFF}
		{5136B3EA-C350-4C63-9641-266182EB940A} = {0E26A069-5028-4697-9FBB-120757629CFF}
		{357F9F74-0BFC-4537-8FDC-560C98569AA3} = {0E26A069-5028-4697-9FBB-120757629CFF}
		{43507C6A-882E-41EB-80CF-ADB4DFF18337} = {D3A9C8B6-FE47-4B38-8A82-90F771CBB7B4}
		{563B82AE-E1EB-4EFA-A9E1-9F5C19FE0AD7} = {0E26A069-5028-4697-9FBB-120757629CFF}
		{A1CD4AF9-C25D-49EE-AD1F-1B2C5EC89047} = {CFF61469-151E-4957-8DBE-FCEC44A20533}
		{B75DBBA6-2B25-48FF-BFF0-9C8C7B8C6236} = {0E26A069-5028-4697-9FBB-120757629CFF}
		{F0839CCE-88D7-4021-8905-D878D6016909} = {0E26A069-5028-4697-9FBB-120757629CFF}
		{C65DEB8E-5BB0-450C-9E4E-BB0DF5C6CAC1} = {691B581A-6482-46FA-875B-3FAD8276012F}
	EndGlobalSection
	GlobalSection(ExtensibilityGlobals) = postSolution
		SolutionGuid = {EC242F6A-2673-411B-8531-38428FF94B70}
	EndGlobalSection
EndGlobal
